
Microsoft Visual Studio Solution File, Format Version 12.00
# Visual Studio Version 17
VisualStudioVersion = 17.8.34330.188
MinimumVisualStudioVersion = 10.0.40219.1
Project("{FAE04EC0-301F-11D3-BF4B-00C04F79EFBC}") = "GeoGame", "GeoGame.csproj", "{979A04F0-3A38-435D-B3F5-288EB16CB84C}"
EndProject
Global
	GlobalSection(SolutionConfigurationPlatforms) = preSolution
		Debug|Any CPU = Debug|Any CPU
		Release|Any CPU = Release|Any CPU
	EndGlobalSection
	GlobalSection(ProjectConfigurationPlatforms) = postSolution
		{979A04F0-3A38-435D-B3F5-288EB16CB84C}.Debug|Any CPU.ActiveCfg = Debug|Any CPU
		{979A04F0-3A38-435D-B3F5-288EB16CB84C}.Debug|Any CPU.Build.0 = Debug|Any CPU
		{979A04F0-3A38-435D-B3F5-288EB16CB84C}.Release|Any CPU.ActiveCfg = Release|Any CPU
		{979A04F0-3A38-435D-B3F5-288EB16CB84C}.Release|Any CPU.Build.0 = Release|Any CPU
	EndGlobalSection
	GlobalSection(SolutionProperties) = preSolution
		HideSolutionNode = FALSE
	EndGlobalSection
	GlobalSection(ExtensibilityGlobals) = postSolution
		SolutionGuid = {8810E6DA-FAE9-4558-B2AA-88EBBCD4C9AD}
	EndGlobalSection
EndGlobal
